// !$*UTF8*$!
{
	archiveVersion = 1;
	classes = {
	};
	objectVersion = 50;
	objects = {

/* Begin PBXBuildFile section */
		4845F25720905D7800A760EC /* AppDelegate.m in Sources */ = {isa = PBXBuildFile; fileRef = 4845F25620905D7800A760EC /* AppDelegate.m */; };
		4845F25A20905D7800A760EC /* ViewController.m in Sources */ = {isa = PBXBuildFile; fileRef = 4845F25920905D7800A760EC /* ViewController.m */; };
		4845F25D20905D7800A760EC /* Main.storyboard in Resources */ = {isa = PBXBuildFile; fileRef = 4845F25B20905D7800A760EC /* Main.storyboard */; };
		4845F25F20905D7A00A760EC /* Assets.xcassets in Resources */ = {isa = PBXBuildFile; fileRef = 4845F25E20905D7A00A760EC /* Assets.xcassets */; };
		4845F26220905D7A00A760EC /* LaunchScreen.storyboard in Resources */ = {isa = PBXBuildFile; fileRef = 4845F26020905D7A00A760EC /* LaunchScreen.storyboard */; };
		4845F26520905D7A00A760EC /* main.m in Sources */ = {isa = PBXBuildFile; fileRef = 4845F26420905D7A00A760EC /* main.m */; };
		4845F26F20905D7B00A760EC /* FastWebViewTests.m in Sources */ = {isa = PBXBuildFile; fileRef = 4845F26E20905D7B00A760EC /* FastWebViewTests.m */; };
		4845F27A20905D7B00A760EC /* FastWebViewUITests.m in Sources */ = {isa = PBXBuildFile; fileRef = 4845F27920905D7B00A760EC /* FastWebViewUITests.m */; };
		4845F28A2090640500A760EC /* FastWebViewController.m in Sources */ = {isa = PBXBuildFile; fileRef = 4845F2892090640500A760EC /* FastWebViewController.m */; };
		4845F28D209066B500A760EC /* FastWebView.m in Sources */ = {isa = PBXBuildFile; fileRef = 4845F28C209066B500A760EC /* FastWebView.m */; };
		4845F29320907FE300A760EC /* ShopWebViewController.m in Sources */ = {isa = PBXBuildFile; fileRef = 4845F29220907FE300A760EC /* ShopWebViewController.m */; };
		4845F2962091758800A760EC /* UIViewController+BackButtonHandler.m in Sources */ = {isa = PBXBuildFile; fileRef = 4845F2952091758800A760EC /* UIViewController+BackButtonHandler.m */; };
		4845F29920917F3600A760EC /* FastWebViewController+JSBridge.m in Sources */ = {isa = PBXBuildFile; fileRef = 4845F29820917F3600A760EC /* FastWebViewController+JSBridge.m */; };
		4845F29C2091D41F00A760EC /* NSURLProtocol+WebKitSupport.m in Sources */ = {isa = PBXBuildFile; fileRef = 4845F29B2091D41F00A760EC /* NSURLProtocol+WebKitSupport.m */; };
		4845F2A02091D53300A760EC /* FastWebURLProtocol.m in Sources */ = {isa = PBXBuildFile; fileRef = 4845F29F2091D53300A760EC /* FastWebURLProtocol.m */; };
		48AC66DD2092FD0200298916 /* FastToast.m in Sources */ = {isa = PBXBuildFile; fileRef = 48AC66DA2092FD0200298916 /* FastToast.m */; };
		48AC66E02092FF8100298916 /* FastToast.bundle in Resources */ = {isa = PBXBuildFile; fileRef = 48AC66DF2092FF8100298916 /* FastToast.bundle */; };
		48AC66E22093012000298916 /* index.html in Resources */ = {isa = PBXBuildFile; fileRef = 48AC66E12093012000298916 /* index.html */; };
		48AC66EB2093040500298916 /* FasterRoute.m in Sources */ = {isa = PBXBuildFile; fileRef = 48AC66E42093040400298916 /* FasterRoute.m */; };
		48AC66EC2093040500298916 /* FasterRouteURL.plist in Resources */ = {isa = PBXBuildFile; fileRef = 48AC66E52093040400298916 /* FasterRouteURL.plist */; };
		48AC66ED2093040500298916 /* NSDictionary+RouteCategory.m in Sources */ = {isa = PBXBuildFile; fileRef = 48AC66E72093040400298916 /* NSDictionary+RouteCategory.m */; };
		48AC66EE2093040500298916 /* NSObject+ClassProperty.m in Sources */ = {isa = PBXBuildFile; fileRef = 48AC66E92093040400298916 /* NSObject+ClassProperty.m */; };
		7490855B28B80BDB2B82A595 /* libPods-FastWebView.a in Frameworks */ = {isa = PBXBuildFile; fileRef = 7D35FDF212229407430958F1 /* libPods-FastWebView.a */; };
/* End PBXBuildFile section */

/* Begin PBXContainerItemProxy section */
		4845F26B20905D7B00A760EC /* PBXContainerItemProxy */ = {
			isa = PBXContainerItemProxy;
			containerPortal = 4845F24A20905D7800A760EC /* Project object */;
			proxyType = 1;
			remoteGlobalIDString = 4845F25120905D7800A760EC;
			remoteInfo = FastWebView;
		};
		4845F27620905D7B00A760EC /* PBXContainerItemProxy */ = {
			isa = PBXContainerItemProxy;
			containerPortal = 4845F24A20905D7800A760EC /* Project object */;
			proxyType = 1;
			remoteGlobalIDString = 4845F25120905D7800A760EC;
			remoteInfo = FastWebView;
		};
/* End PBXContainerItemProxy section */

/* Begin PBXFileReference section */
		4845F25220905D7800A760EC /* FastWebView.app */ = {isa = PBXFileReference; explicitFileType = wrapper.application; includeInIndex = 0; path = FastWebView.app; sourceTree = BUILT_PRODUCTS_DIR; };
		4845F25520905D7800A760EC /* AppDelegate.h */ = {isa = PBXFileReference; lastKnownFileType = sourcecode.c.h; path = AppDelegate.h; sourceTree = "<group>"; };
		4845F25620905D7800A760EC /* AppDelegate.m */ = {isa = PBXFileReference; lastKnownFileType = sourcecode.c.objc; path = AppDelegate.m; sourceTree = "<group>"; };
		4845F25820905D7800A760EC /* ViewController.h */ = {isa = PBXFileReference; lastKnownFileType = sourcecode.c.h; path = ViewController.h; sourceTree = "<group>"; };
		4845F25920905D7800A760EC /* ViewController.m */ = {isa = PBXFileReference; lastKnownFileType = sourcecode.c.objc; path = ViewController.m; sourceTree = "<group>"; };
		4845F25C20905D7800A760EC /* Base */ = {isa = PBXFileReference; lastKnownFileType = file.storyboard; name = Base; path = Base.lproj/Main.storyboard; sourceTree = "<group>"; };
		4845F25E20905D7A00A760EC /* Assets.xcassets */ = {isa = PBXFileReference; lastKnownFileType = folder.assetcatalog; path = Assets.xcassets; sourceTree = "<group>"; };
		4845F26120905D7A00A760EC /* Base */ = {isa = PBXFileReference; lastKnownFileType = file.storyboard; name = Base; path = Base.lproj/LaunchScreen.storyboard; sourceTree = "<group>"; };
		4845F26320905D7A00A760EC /* Info.plist */ = {isa = PBXFileReference; lastKnownFileType = text.plist.xml; path = Info.plist; sourceTree = "<group>"; };
		4845F26420905D7A00A760EC /* main.m */ = {isa = PBXFileReference; lastKnownFileType = sourcecode.c.objc; path = main.m; sourceTree = "<group>"; };
		4845F26A20905D7B00A760EC /* FastWebViewTests.xctest */ = {isa = PBXFileReference; explicitFileType = wrapper.cfbundle; includeInIndex = 0; path = FastWebViewTests.xctest; sourceTree = BUILT_PRODUCTS_DIR; };
		4845F26E20905D7B00A760EC /* FastWebViewTests.m */ = {isa = PBXFileReference; lastKnownFileType = sourcecode.c.objc; path = FastWebViewTests.m; sourceTree = "<group>"; };
		4845F27020905D7B00A760EC /* Info.plist */ = {isa = PBXFileReference; lastKnownFileType = text.plist.xml; path = Info.plist; sourceTree = "<group>"; };
		4845F27520905D7B00A760EC /* FastWebViewUITests.xctest */ = {isa = PBXFileReference; explicitFileType = wrapper.cfbundle; includeInIndex = 0; path = FastWebViewUITests.xctest; sourceTree = BUILT_PRODUCTS_DIR; };
		4845F27920905D7B00A760EC /* FastWebViewUITests.m */ = {isa = PBXFileReference; lastKnownFileType = sourcecode.c.objc; path = FastWebViewUITests.m; sourceTree = "<group>"; };
		4845F27B20905D7B00A760EC /* Info.plist */ = {isa = PBXFileReference; lastKnownFileType = text.plist.xml; path = Info.plist; sourceTree = "<group>"; };
		4845F2882090640500A760EC /* FastWebViewController.h */ = {isa = PBXFileReference; lastKnownFileType = sourcecode.c.h; path = FastWebViewController.h; sourceTree = "<group>"; };
		4845F2892090640500A760EC /* FastWebViewController.m */ = {isa = PBXFileReference; lastKnownFileType = sourcecode.c.objc; path = FastWebViewController.m; sourceTree = "<group>"; };
		4845F28B209066B500A760EC /* FastWebView.h */ = {isa = PBXFileReference; lastKnownFileType = sourcecode.c.h; path = FastWebView.h; sourceTree = "<group>"; };
		4845F28C209066B500A760EC /* FastWebView.m */ = {isa = PBXFileReference; lastKnownFileType = sourcecode.c.objc; path = FastWebView.m; sourceTree = "<group>"; };
		4845F29120907FE300A760EC /* ShopWebViewController.h */ = {isa = PBXFileReference; lastKnownFileType = sourcecode.c.h; path = ShopWebViewController.h; sourceTree = "<group>"; };
		4845F29220907FE300A760EC /* ShopWebViewController.m */ = {isa = PBXFileReference; lastKnownFileType = sourcecode.c.objc; path = ShopWebViewController.m; sourceTree = "<group>"; };
		4845F2942091758700A760EC /* UIViewController+BackButtonHandler.h */ = {isa = PBXFileReference; fileEncoding = 4; lastKnownFileType = sourcecode.c.h; path = "UIViewController+BackButtonHandler.h"; sourceTree = "<group>"; };
		4845F2952091758800A760EC /* UIViewController+BackButtonHandler.m */ = {isa = PBXFileReference; fileEncoding = 4; lastKnownFileType = sourcecode.c.objc; path = "UIViewController+BackButtonHandler.m"; sourceTree = "<group>"; };
		4845F29720917F3600A760EC /* FastWebViewController+JSBridge.h */ = {isa = PBXFileReference; lastKnownFileType = sourcecode.c.h; path = "FastWebViewController+JSBridge.h"; sourceTree = "<group>"; };
		4845F29820917F3600A760EC /* FastWebViewController+JSBridge.m */ = {isa = PBXFileReference; lastKnownFileType = sourcecode.c.objc; path = "FastWebViewController+JSBridge.m"; sourceTree = "<group>"; };
		4845F29A2091D41F00A760EC /* NSURLProtocol+WebKitSupport.h */ = {isa = PBXFileReference; fileEncoding = 4; lastKnownFileType = sourcecode.c.h; path = "NSURLProtocol+WebKitSupport.h"; sourceTree = "<group>"; };
		4845F29B2091D41F00A760EC /* NSURLProtocol+WebKitSupport.m */ = {isa = PBXFileReference; fileEncoding = 4; lastKnownFileType = sourcecode.c.objc; path = "NSURLProtocol+WebKitSupport.m"; sourceTree = "<group>"; };
		4845F29E2091D53300A760EC /* FastWebURLProtocol.h */ = {isa = PBXFileReference; fileEncoding = 4; lastKnownFileType = sourcecode.c.h; path = FastWebURLProtocol.h; sourceTree = "<group>"; };
		4845F29F2091D53300A760EC /* FastWebURLProtocol.m */ = {isa = PBXFileReference; fileEncoding = 4; lastKnownFileType = sourcecode.c.objc; path = FastWebURLProtocol.m; sourceTree = "<group>"; };
		48AC66DA2092FD0200298916 /* FastToast.m */ = {isa = PBXFileReference; fileEncoding = 4; lastKnownFileType = sourcecode.c.objc; path = FastToast.m; sourceTree = "<group>"; };
		48AC66DC2092FD0200298916 /* FastToast.h */ = {isa = PBXFileReference; fileEncoding = 4; lastKnownFileType = sourcecode.c.h; path = FastToast.h; sourceTree = "<group>"; };
		48AC66DF2092FF8100298916 /* FastToast.bundle */ = {isa = PBXFileReference; lastKnownFileType = "wrapper.plug-in"; path = FastToast.bundle; sourceTree = "<group>"; };
		48AC66E12093012000298916 /* index.html */ = {isa = PBXFileReference; fileEncoding = 4; lastKnownFileType = text.html; path = index.html; sourceTree = "<group>"; };
		48AC66E42093040400298916 /* FasterRoute.m */ = {isa = PBXFileReference; fileEncoding = 4; lastKnownFileType = sourcecode.c.objc; path = FasterRoute.m; sourceTree = "<group>"; };
		48AC66E52093040400298916 /* FasterRouteURL.plist */ = {isa = PBXFileReference; fileEncoding = 4; lastKnownFileType = text.plist.xml; path = FasterRouteURL.plist; sourceTree = "<group>"; };
		48AC66E62093040400298916 /* NSObject+ClassProperty.h */ = {isa = PBXFileReference; fileEncoding = 4; lastKnownFileType = sourcecode.c.h; path = "NSObject+ClassProperty.h"; sourceTree = "<group>"; };
		48AC66E72093040400298916 /* NSDictionary+RouteCategory.m */ = {isa = PBXFileReference; fileEncoding = 4; lastKnownFileType = sourcecode.c.objc; path = "NSDictionary+RouteCategory.m"; sourceTree = "<group>"; };
		48AC66E82093040400298916 /* FasterRoute.h */ = {isa = PBXFileReference; fileEncoding = 4; lastKnownFileType = sourcecode.c.h; path = FasterRoute.h; sourceTree = "<group>"; };
		48AC66E92093040400298916 /* NSObject+ClassProperty.m */ = {isa = PBXFileReference; fileEncoding = 4; lastKnownFileType = sourcecode.c.objc; path = "NSObject+ClassProperty.m"; sourceTree = "<group>"; };
		48AC66EA2093040400298916 /* NSDictionary+RouteCategory.h */ = {isa = PBXFileReference; fileEncoding = 4; lastKnownFileType = sourcecode.c.h; path = "NSDictionary+RouteCategory.h"; sourceTree = "<group>"; };
		5B7A499B34EA398AF8F4EA57 /* Pods-FastWebView.debug.xcconfig */ = {isa = PBXFileReference; includeInIndex = 1; lastKnownFileType = text.xcconfig; name = "Pods-FastWebView.debug.xcconfig"; path = "Pods/Target Support Files/Pods-FastWebView/Pods-FastWebView.debug.xcconfig"; sourceTree = "<group>"; };
		7D35FDF212229407430958F1 /* libPods-FastWebView.a */ = {isa = PBXFileReference; explicitFileType = archive.ar; includeInIndex = 0; path = "libPods-FastWebView.a"; sourceTree = BUILT_PRODUCTS_DIR; };
		AB68073FB0E0A6A6277EF9EA /* Pods-FastWebView.release.xcconfig */ = {isa = PBXFileReference; includeInIndex = 1; lastKnownFileType = text.xcconfig; name = "Pods-FastWebView.release.xcconfig"; path = "Pods/Target Support Files/Pods-FastWebView/Pods-FastWebView.release.xcconfig"; sourceTree = "<group>"; };
/* End PBXFileReference section */

/* Begin PBXFrameworksBuildPhase section */
		4845F24F20905D7800A760EC /* Frameworks */ = {
			isa = PBXFrameworksBuildPhase;
			buildActionMask = 2147483647;
			files = (
				7490855B28B80BDB2B82A595 /* libPods-FastWebView.a in Frameworks */,
			);
			runOnlyForDeploymentPostprocessing = 0;
		};
		4845F26720905D7B00A760EC /* Frameworks */ = {
			isa = PBXFrameworksBuildPhase;
			buildActionMask = 2147483647;
			files = (
			);
			runOnlyForDeploymentPostprocessing = 0;
		};
		4845F27220905D7B00A760EC /* Frameworks */ = {
			isa = PBXFrameworksBuildPhase;
			buildActionMask = 2147483647;
			files = (
			);
			runOnlyForDeploymentPostprocessing = 0;
		};
/* End PBXFrameworksBuildPhase section */

/* Begin PBXGroup section */
		4845F24920905D7800A760EC = {
			isa = PBXGroup;
			children = (
				4845F25420905D7800A760EC /* FastWebView */,
				4845F26D20905D7B00A760EC /* FastWebViewTests */,
				4845F27820905D7B00A760EC /* FastWebViewUITests */,
				4845F25320905D7800A760EC /* Products */,
				A4AC959CD07CF89B160E54DE /* Pods */,
				8ADC60FA7E9AD2BB9C7E1CA8 /* Frameworks */,
			);
			sourceTree = "<group>";
		};
		4845F25320905D7800A760EC /* Products */ = {
			isa = PBXGroup;
			children = (
				4845F25220905D7800A760EC /* FastWebView.app */,
				4845F26A20905D7B00A760EC /* FastWebViewTests.xctest */,
				4845F27520905D7B00A760EC /* FastWebViewUITests.xctest */,
			);
			name = Products;
			sourceTree = "<group>";
		};
		4845F25420905D7800A760EC /* FastWebView */ = {
			isa = PBXGroup;
			children = (
				48AC66E32093040400298916 /* FasterRoute */,
				4845F28720905DA400A760EC /* FastWebView */,
				4845F25520905D7800A760EC /* AppDelegate.h */,
				4845F25620905D7800A760EC /* AppDelegate.m */,
				4845F25820905D7800A760EC /* ViewController.h */,
				4845F25920905D7800A760EC /* ViewController.m */,
				4845F25B20905D7800A760EC /* Main.storyboard */,
				4845F25E20905D7A00A760EC /* Assets.xcassets */,
				4845F26020905D7A00A760EC /* LaunchScreen.storyboard */,
				4845F26320905D7A00A760EC /* Info.plist */,
				4845F26420905D7A00A760EC /* main.m */,
				4845F29120907FE300A760EC /* ShopWebViewController.h */,
				4845F29220907FE300A760EC /* ShopWebViewController.m */,
			);
			path = FastWebView;
			sourceTree = "<group>";
		};
		4845F26D20905D7B00A760EC /* FastWebViewTests */ = {
			isa = PBXGroup;
			children = (
				4845F26E20905D7B00A760EC /* FastWebViewTests.m */,
				4845F27020905D7B00A760EC /* Info.plist */,
			);
			path = FastWebViewTests;
			sourceTree = "<group>";
		};
		4845F27820905D7B00A760EC /* FastWebViewUITests */ = {
			isa = PBXGroup;
			children = (
				4845F27920905D7B00A760EC /* FastWebViewUITests.m */,
				4845F27B20905D7B00A760EC /* Info.plist */,
			);
			path = FastWebViewUITests;
			sourceTree = "<group>";
		};
		4845F28720905DA400A760EC /* FastWebView */ = {
			isa = PBXGroup;
			children = (
				4845F29D2091D4BE00A760EC /* Category */,
				4845F2882090640500A760EC /* FastWebViewController.h */,
				4845F2892090640500A760EC /* FastWebViewController.m */,
				4845F28B209066B500A760EC /* FastWebView.h */,
				4845F28C209066B500A760EC /* FastWebView.m */,
				4845F29E2091D53300A760EC /* FastWebURLProtocol.h */,
				4845F29F2091D53300A760EC /* FastWebURLProtocol.m */,
				48AC66DC2092FD0200298916 /* FastToast.h */,
				48AC66DA2092FD0200298916 /* FastToast.m */,
				48AC66E12093012000298916 /* index.html */,
				48AC66DF2092FF8100298916 /* FastToast.bundle */,
			);
			path = FastWebView;
			sourceTree = "<group>";
		};
		4845F29D2091D4BE00A760EC /* Category */ = {
			isa = PBXGroup;
			children = (
				4845F2942091758700A760EC /* UIViewController+BackButtonHandler.h */,
				4845F2952091758800A760EC /* UIViewController+BackButtonHandler.m */,
				4845F29720917F3600A760EC /* FastWebViewController+JSBridge.h */,
				4845F29820917F3600A760EC /* FastWebViewController+JSBridge.m */,
				4845F29A2091D41F00A760EC /* NSURLProtocol+WebKitSupport.h */,
				4845F29B2091D41F00A760EC /* NSURLProtocol+WebKitSupport.m */,
			);
			path = Category;
			sourceTree = "<group>";
		};
		48AC66E32093040400298916 /* FasterRoute */ = {
			isa = PBXGroup;
			children = (
				48AC66E52093040400298916 /* FasterRouteURL.plist */,
				48AC66E42093040400298916 /* FasterRoute.m */,
				48AC66E82093040400298916 /* FasterRoute.h */,
				48AC66E62093040400298916 /* NSObject+ClassProperty.h */,
				48AC66E92093040400298916 /* NSObject+ClassProperty.m */,
				48AC66EA2093040400298916 /* NSDictionary+RouteCategory.h */,
				48AC66E72093040400298916 /* NSDictionary+RouteCategory.m */,
			);
			path = FasterRoute;
			sourceTree = "<group>";
		};
		8ADC60FA7E9AD2BB9C7E1CA8 /* Frameworks */ = {
			isa = PBXGroup;
			children = (
				7D35FDF212229407430958F1 /* libPods-FastWebView.a */,
			);
			name = Frameworks;
			sourceTree = "<group>";
		};
		A4AC959CD07CF89B160E54DE /* Pods */ = {
			isa = PBXGroup;
			children = (
				5B7A499B34EA398AF8F4EA57 /* Pods-FastWebView.debug.xcconfig */,
				AB68073FB0E0A6A6277EF9EA /* Pods-FastWebView.release.xcconfig */,
			);
			name = Pods;
			sourceTree = "<group>";
		};
/* End PBXGroup section */

/* Begin PBXNativeTarget section */
		4845F25120905D7800A760EC /* FastWebView */ = {
			isa = PBXNativeTarget;
			buildConfigurationList = 4845F27E20905D7B00A760EC /* Build configuration list for PBXNativeTarget "FastWebView" */;
			buildPhases = (
				77A63298F9CF00C006B9178B /* [CP] Check Pods Manifest.lock */,
				4845F24E20905D7800A760EC /* Sources */,
				4845F24F20905D7800A760EC /* Frameworks */,
				4845F25020905D7800A760EC /* Resources */,
			);
			buildRules = (
			);
			dependencies = (
			);
			name = FastWebView;
			productName = FastWebView;
			productReference = 4845F25220905D7800A760EC /* FastWebView.app */;
			productType = "com.apple.product-type.application";
		};
		4845F26920905D7B00A760EC /* FastWebViewTests */ = {
			isa = PBXNativeTarget;
			buildConfigurationList = 4845F28120905D7B00A760EC /* Build configuration list for PBXNativeTarget "FastWebViewTests" */;
			buildPhases = (
				4845F26620905D7B00A760EC /* Sources */,
				4845F26720905D7B00A760EC /* Frameworks */,
				4845F26820905D7B00A760EC /* Resources */,
			);
			buildRules = (
			);
			dependencies = (
				4845F26C20905D7B00A760EC /* PBXTargetDependency */,
			);
			name = FastWebViewTests;
			productName = FastWebViewTests;
			productReference = 4845F26A20905D7B00A760EC /* FastWebViewTests.xctest */;
			productType = "com.apple.product-type.bundle.unit-test";
		};
		4845F27420905D7B00A760EC /* FastWebViewUITests */ = {
			isa = PBXNativeTarget;
			buildConfigurationList = 4845F28420905D7B00A760EC /* Build configuration list for PBXNativeTarget "FastWebViewUITests" */;
			buildPhases = (
				4845F27120905D7B00A760EC /* Sources */,
				4845F27220905D7B00A760EC /* Frameworks */,
				4845F27320905D7B00A760EC /* Resources */,
			);
			buildRules = (
			);
			dependencies = (
				4845F27720905D7B00A760EC /* PBXTargetDependency */,
			);
			name = FastWebViewUITests;
			productName = FastWebViewUITests;
			productReference = 4845F27520905D7B00A760EC /* FastWebViewUITests.xctest */;
			productType = "com.apple.product-type.bundle.ui-testing";
		};
/* End PBXNativeTarget section */

/* Begin PBXProject section */
		4845F24A20905D7800A760EC /* Project object */ = {
			isa = PBXProject;
			attributes = {
				LastUpgradeCheck = 0930;
				ORGANIZATIONNAME = taobao.com;
				TargetAttributes = {
					4845F25120905D7800A760EC = {
						CreatedOnToolsVersion = 9.3;
					};
					4845F26920905D7B00A760EC = {
						CreatedOnToolsVersion = 9.3;
						TestTargetID = 4845F25120905D7800A760EC;
					};
					4845F27420905D7B00A760EC = {
						CreatedOnToolsVersion = 9.3;
						TestTargetID = 4845F25120905D7800A760EC;
					};
				};
			};
			buildConfigurationList = 4845F24D20905D7800A760EC /* Build configuration list for PBXProject "FastWebView" */;
			compatibilityVersion = "Xcode 9.3";
			developmentRegion = en;
			hasScannedForEncodings = 0;
			knownRegions = (
				en,
				Base,
			);
			mainGroup = 4845F24920905D7800A760EC;
			productRefGroup = 4845F25320905D7800A760EC /* Products */;
			projectDirPath = "";
			projectRoot = "";
			targets = (
				4845F25120905D7800A760EC /* FastWebView */,
				4845F26920905D7B00A760EC /* FastWebViewTests */,
				4845F27420905D7B00A760EC /* FastWebViewUITests */,
			);
		};
/* End PBXProject section */

/* Begin PBXResourcesBuildPhase section */
		4845F25020905D7800A760EC /* Resources */ = {
			isa = PBXResourcesBuildPhase;
			buildActionMask = 2147483647;
			files = (
				48AC66E22093012000298916 /* index.html in Resources */,
				4845F26220905D7A00A760EC /* LaunchScreen.storyboard in Resources */,
				48AC66E02092FF8100298916 /* FastToast.bundle in Resources */,
				4845F25F20905D7A00A760EC /* Assets.xcassets in Resources */,
				4845F25D20905D7800A760EC /* Main.storyboard in Resources */,
				48AC66EC2093040500298916 /* FasterRouteURL.plist in Resources */,
			);
			runOnlyForDeploymentPostprocessing = 0;
		};
		4845F26820905D7B00A760EC /* Resources */ = {
			isa = PBXResourcesBuildPhase;
			buildActionMask = 2147483647;
			files = (
			);
			runOnlyForDeploymentPostprocessing = 0;
		};
		4845F27320905D7B00A760EC /* Resources */ = {
			isa = PBXResourcesBuildPhase;
			buildActionMask = 2147483647;
			files = (
			);
			runOnlyForDeploymentPostprocessing = 0;
		};
/* End PBXResourcesBuildPhase section */

/* Begin PBXShellScriptBuildPhase section */
		77A63298F9CF00C006B9178B /* [CP] Check Pods Manifest.lock */ = {
			isa = PBXShellScriptBuildPhase;
			buildActionMask = 2147483647;
			files = (
			);
			inputPaths = (
				"${PODS_PODFILE_DIR_PATH}/Podfile.lock",
				"${PODS_ROOT}/Manifest.lock",
			);
			name = "[CP] Check Pods Manifest.lock";
			outputPaths = (
				"$(DERIVED_FILE_DIR)/Pods-FastWebView-checkManifestLockResult.txt",
			);
			runOnlyForDeploymentPostprocessing = 0;
			shellPath = /bin/sh;
			shellScript = "diff \"${PODS_PODFILE_DIR_PATH}/Podfile.lock\" \"${PODS_ROOT}/Manifest.lock\" > /dev/null\nif [ $? != 0 ] ; then\n    # print error to STDERR\n    echo \"error: The sandbox is not in sync with the Podfile.lock. Run 'pod install' or update your CocoaPods installation.\" >&2\n    exit 1\nfi\n# This output is used by Xcode 'outputs' to avoid re-running this script phase.\necho \"SUCCESS\" > \"${SCRIPT_OUTPUT_FILE_0}\"\n";
			showEnvVarsInLog = 0;
		};
/* End PBXShellScriptBuildPhase section */

/* Begin PBXSourcesBuildPhase section */
		4845F24E20905D7800A760EC /* Sources */ = {
			isa = PBXSourcesBuildPhase;
			buildActionMask = 2147483647;
			files = (
				48AC66EB2093040500298916 /* FasterRoute.m in Sources */,
				4845F25A20905D7800A760EC /* ViewController.m in Sources */,
				48AC66ED2093040500298916 /* NSDictionary+RouteCategory.m in Sources */,
				48AC66EE2093040500298916 /* NSObject+ClassProperty.m in Sources */,
				4845F2A02091D53300A760EC /* FastWebURLProtocol.m in Sources */,
				4845F2962091758800A760EC /* UIViewController+BackButtonHandler.m in Sources */,
				4845F29320907FE300A760EC /* ShopWebViewController.m in Sources */,
				4845F29920917F3600A760EC /* FastWebViewController+JSBridge.m in Sources */,
				4845F29C2091D41F00A760EC /* NSURLProtocol+WebKitSupport.m in Sources */,
				4845F28A2090640500A760EC /* FastWebViewController.m in Sources */,
				4845F26520905D7A00A760EC /* main.m in Sources */,
				4845F25720905D7800A760EC /* AppDelegate.m in Sources */,
				4845F28D209066B500A760EC /* FastWebView.m in Sources */,
				48AC66DD2092FD0200298916 /* FastToast.m in Sources */,
			);
			runOnlyForDeploymentPostprocessing = 0;
		};
		4845F26620905D7B00A760EC /* Sources */ = {
			isa = PBXSourcesBuildPhase;
			buildActionMask = 2147483647;
			files = (
				4845F26F20905D7B00A760EC /* FastWebViewTests.m in Sources */,
			);
			runOnlyForDeploymentPostprocessing = 0;
		};
		4845F27120905D7B00A760EC /* Sources */ = {
			isa = PBXSourcesBuildPhase;
			buildActionMask = 2147483647;
			files = (
				4845F27A20905D7B00A760EC /* FastWebViewUITests.m in Sources */,
			);
			runOnlyForDeploymentPostprocessing = 0;
		};
/* End PBXSourcesBuildPhase section */

/* Begin PBXTargetDependency section */
		4845F26C20905D7B00A760EC /* PBXTargetDependency */ = {
			isa = PBXTargetDependency;
			target = 4845F25120905D7800A760EC /* FastWebView */;
			targetProxy = 4845F26B20905D7B00A760EC /* PBXContainerItemProxy */;
		};
		4845F27720905D7B00A760EC /* PBXTargetDependency */ = {
			isa = PBXTargetDependency;
			target = 4845F25120905D7800A760EC /* FastWebView */;
			targetProxy = 4845F27620905D7B00A760EC /* PBXContainerItemProxy */;
		};
/* End PBXTargetDependency section */

/* Begin PBXVariantGroup section */
		4845F25B20905D7800A760EC /* Main.storyboard */ = {
			isa = PBXVariantGroup;
			children = (
				4845F25C20905D7800A760EC /* Base */,
			);
			name = Main.storyboard;
			sourceTree = "<group>";
		};
		4845F26020905D7A00A760EC /* LaunchScreen.storyboard */ = {
			isa = PBXVariantGroup;
			children = (
				4845F26120905D7A00A760EC /* Base */,
			);
			name = LaunchScreen.storyboard;
			sourceTree = "<group>";
		};
/* End PBXVariantGroup section */

/* Begin XCBuildConfiguration section */
		4845F27C20905D7B00A760EC /* Debug */ = {
			isa = XCBuildConfiguration;
			buildSettings = {
				ALWAYS_SEARCH_USER_PATHS = NO;
				CLANG_ANALYZER_NONNULL = YES;
				CLANG_ANALYZER_NUMBER_OBJECT_CONVERSION = YES_AGGRESSIVE;
				CLANG_CXX_LANGUAGE_STANDARD = "gnu++14";
				CLANG_CXX_LIBRARY = "libc++";
				CLANG_ENABLE_MODULES = YES;
				CLANG_ENABLE_OBJC_ARC = YES;
				CLANG_ENABLE_OBJC_WEAK = YES;
				CLANG_WARN_BLOCK_CAPTURE_AUTORELEASING = YES;
				CLANG_WARN_BOOL_CONVERSION = YES;
				CLANG_WARN_COMMA = YES;
				CLANG_WARN_CONSTANT_CONVERSION = YES;
				CLANG_WARN_DEPRECATED_OBJC_IMPLEMENTATIONS = YES;
				CLANG_WARN_DIRECT_OBJC_ISA_USAGE = YES_ERROR;
				CLANG_WARN_DOCUMENTATION_COMMENTS = YES;
				CLANG_WARN_EMPTY_BODY = YES;
				CLANG_WARN_ENUM_CONVERSION = YES;
				CLANG_WARN_INFINITE_RECURSION = YES;
				CLANG_WARN_INT_CONVERSION = YES;
				CLANG_WARN_NON_LITERAL_NULL_CONVERSION = YES;
				CLANG_WARN_OBJC_IMPLICIT_RETAIN_SELF = YES;
				CLANG_WARN_OBJC_LITERAL_CONVERSION = YES;
				CLANG_WARN_OBJC_ROOT_CLASS = YES_ERROR;
				CLANG_WARN_RANGE_LOOP_ANALYSIS = YES;
				CLANG_WARN_STRICT_PROTOTYPES = YES;
				CLANG_WARN_SUSPICIOUS_MOVE = YES;
				CLANG_WARN_UNGUARDED_AVAILABILITY = YES_AGGRESSIVE;
				CLANG_WARN_UNREACHABLE_CODE = YES;
				CLANG_WARN__DUPLICATE_METHOD_MATCH = YES;
				CODE_SIGN_IDENTITY = "iPhone Developer";
				COPY_PHASE_STRIP = NO;
				DEBUG_INFORMATION_FORMAT = dwarf;
				ENABLE_STRICT_OBJC_MSGSEND = YES;
				ENABLE_TESTABILITY = YES;
				GCC_C_LANGUAGE_STANDARD = gnu11;
				GCC_DYNAMIC_NO_PIC = NO;
				GCC_NO_COMMON_BLOCKS = YES;
				GCC_OPTIMIZATION_LEVEL = 0;
				GCC_PREPROCESSOR_DEFINITIONS = (
					"DEBUG=1",
					"$(inherited)",
				);
				GCC_WARN_64_TO_32_BIT_CONVERSION = YES;
				GCC_WARN_ABOUT_RETURN_TYPE = YES_ERROR;
				GCC_WARN_UNDECLARED_SELECTOR = YES;
				GCC_WARN_UNINITIALIZED_AUTOS = YES_AGGRESSIVE;
				GCC_WARN_UNUSED_FUNCTION = YES;
				GCC_WARN_UNUSED_VARIABLE = YES;
				IPHONEOS_DEPLOYMENT_TARGET = 11.3;
				MTL_ENABLE_DEBUG_INFO = YES;
				ONLY_ACTIVE_ARCH = YES;
				SDKROOT = iphoneos;
			};
			name = Debug;
		};
		4845F27D20905D7B00A760EC /* Release */ = {
			isa = XCBuildConfiguration;
			buildSettings = {
				ALWAYS_SEARCH_USER_PATHS = NO;
				CLANG_ANALYZER_NONNULL = YES;
				CLANG_ANALYZER_NUMBER_OBJECT_CONVERSION = YES_AGGRESSIVE;
				CLANG_CXX_LANGUAGE_STANDARD = "gnu++14";
				CLANG_CXX_LIBRARY = "libc++";
				CLANG_ENABLE_MODULES = YES;
				CLANG_ENABLE_OBJC_ARC = YES;
				CLANG_ENABLE_OBJC_WEAK = YES;
				CLANG_WARN_BLOCK_CAPTURE_AUTORELEASING = YES;
				CLANG_WARN_BOOL_CONVERSION = YES;
				CLANG_WARN_COMMA = YES;
				CLANG_WARN_CONSTANT_CONVERSION = YES;
				CLANG_WARN_DEPRECATED_OBJC_IMPLEMENTATIONS = YES;
				CLANG_WARN_DIRECT_OBJC_ISA_USAGE = YES_ERROR;
				CLANG_WARN_DOCUMENTATION_COMMENTS = YES;
				CLANG_WARN_EMPTY_BODY = YES;
				CLANG_WARN_ENUM_CONVERSION = YES;
				CLANG_WARN_INFINITE_RECURSION = YES;
				CLANG_WARN_INT_CONVERSION = YES;
				CLANG_WARN_NON_LITERAL_NULL_CONVERSION = YES;
				CLANG_WARN_OBJC_IMPLICIT_RETAIN_SELF = YES;
				CLANG_WARN_OBJC_LITERAL_CONVERSION = YES;
				CLANG_WARN_OBJC_ROOT_CLASS = YES_ERROR;
				CLANG_WARN_RANGE_LOOP_ANALYSIS = YES;
				CLANG_WARN_STRICT_PROTOTYPES = YES;
				CLANG_WARN_SUSPICIOUS_MOVE = YES;
				CLANG_WARN_UNGUARDED_AVAILABILITY = YES_AGGRESSIVE;
				CLANG_WARN_UNREACHABLE_CODE = YES;
				CLANG_WARN__DUPLICATE_METHOD_MATCH = YES;
				CODE_SIGN_IDENTITY = "iPhone Developer";
				COPY_PHASE_STRIP = NO;
				DEBUG_INFORMATION_FORMAT = "dwarf-with-dsym";
				ENABLE_NS_ASSERTIONS = NO;
				ENABLE_STRICT_OBJC_MSGSEND = YES;
				GCC_C_LANGUAGE_STANDARD = gnu11;
				GCC_NO_COMMON_BLOCKS = YES;
				GCC_WARN_64_TO_32_BIT_CONVERSION = YES;
				GCC_WARN_ABOUT_RETURN_TYPE = YES_ERROR;
				GCC_WARN_UNDECLARED_SELECTOR = YES;
				GCC_WARN_UNINITIALIZED_AUTOS = YES_AGGRESSIVE;
				GCC_WARN_UNUSED_FUNCTION = YES;
				GCC_WARN_UNUSED_VARIABLE = YES;
				IPHONEOS_DEPLOYMENT_TARGET = 11.3;
				MTL_ENABLE_DEBUG_INFO = NO;
				SDKROOT = iphoneos;
				VALIDATE_PRODUCT = YES;
			};
			name = Release;
		};
		4845F27F20905D7B00A760EC /* Debug */ = {
			isa = XCBuildConfiguration;
			baseConfigurationReference = 5B7A499B34EA398AF8F4EA57 /* Pods-FastWebView.debug.xcconfig */;
			buildSettings = {
				ALWAYS_SEARCH_USER_PATHS = NO;
				ASSETCATALOG_COMPILER_APPICON_NAME = AppIcon;
				CODE_SIGN_STYLE = Automatic;
				DEVELOPMENT_TEAM = FTH98Q7WDL;
				INFOPLIST_FILE = FastWebView/Info.plist;
				IPHONEOS_DEPLOYMENT_TARGET = 8.0;
				LD_RUNPATH_SEARCH_PATHS = (
					"$(inherited)",
					"@executable_path/Frameworks",
				);
				PRODUCT_BUNDLE_IDENTIFIER = TB.FastWebView;
				PRODUCT_NAME = "$(TARGET_NAME)";
				TARGETED_DEVICE_FAMILY = "1,2";
				USER_HEADER_SEARCH_PATHS = "${SRCROOT}/**";
			};
			name = Debug;
		};
		4845F28020905D7B00A760EC /* Release */ = {
			isa = XCBuildConfiguration;
			baseConfigurationReference = AB68073FB0E0A6A6277EF9EA /* Pods-FastWebView.release.xcconfig */;
			buildSettings = {
				ALWAYS_SEARCH_USER_PATHS = NO;
				ASSETCATALOG_COMPILER_APPICON_NAME = AppIcon;
				CODE_SIGN_STYLE = Automatic;
				DEVELOPMENT_TEAM = FTH98Q7WDL;
				INFOPLIST_FILE = FastWebView/Info.plist;
				IPHONEOS_DEPLOYMENT_TARGET = 8.0;
				LD_RUNPATH_SEARCH_PATHS = (
					"$(inherited)",
					"@executable_path/Frameworks",
				);
				PRODUCT_BUNDLE_IDENTIFIER = TB.FastWebView;
				PRODUCT_NAME = "$(TARGET_NAME)";
				TARGETED_DEVICE_FAMILY = "1,2";
				USER_HEADER_SEARCH_PATHS = "${SRCROOT}/**";
			};
			name = Release;
		};
		4845F28220905D7B00A760EC /* Debug */ = {
			isa = XCBuildConfiguration;
			buildSettings = {
				BUNDLE_LOADER = "$(TEST_HOST)";
				CODE_SIGN_STYLE = Automatic;
				INFOPLIST_FILE = FastWebViewTests/Info.plist;
				LD_RUNPATH_SEARCH_PATHS = (
					"$(inherited)",
					"@executable_path/Frameworks",
					"@loader_path/Frameworks",
				);
				PRODUCT_BUNDLE_IDENTIFIER = TB.FastWebViewTests;
				PRODUCT_NAME = "$(TARGET_NAME)";
				TARGETED_DEVICE_FAMILY = "1,2";
				TEST_HOST = "$(BUILT_PRODUCTS_DIR)/FastWebView.app/FastWebView";
			};
			name = Debug;
		};
		4845F28320905D7B00A760EC /* Release */ = {
			isa = XCBuildConfiguration;
			buildSettings = {
				BUNDLE_LOADER = "$(TEST_HOST)";
				CODE_SIGN_STYLE = Automatic;
				INFOPLIST_FILE = FastWebViewTests/Info.plist;
				LD_RUNPATH_SEARCH_PATHS = (
					"$(inherited)",
					"@executable_path/Frameworks",
					"@loader_path/Frameworks",
				);
				PRODUCT_BUNDLE_IDENTIFIER = TB.FastWebViewTests;
				PRODUCT_NAME = "$(TARGET_NAME)";
				TARGETED_DEVICE_FAMILY = "1,2";
				TEST_HOST = "$(BUILT_PRODUCTS_DIR)/FastWebView.app/FastWebView";
			};
			name = Release;
		};
		4845F28520905D7B00A760EC /* Debug */ = {
			isa = XCBuildConfiguration;
			buildSettings = {
				CODE_SIGN_STYLE = Automatic;
				INFOPLIST_FILE = FastWebViewUITests/Info.plist;
				LD_RUNPATH_SEARCH_PATHS = (
					"$(inherited)",
					"@executable_path/Frameworks",
					"@loader_path/Frameworks",
				);
				PRODUCT_BUNDLE_IDENTIFIER = TB.FastWebViewUITests;
				PRODUCT_NAME = "$(TARGET_NAME)";
				TARGETED_DEVICE_FAMILY = "1,2";
				TEST_TARGET_NAME = FastWebView;
			};
			name = Debug;
		};
		4845F28620905D7B00A760EC /* Release */ = {
			isa = XCBuildConfiguration;
			buildSettings = {
				CODE_SIGN_STYLE = Automatic;
				INFOPLIST_FILE = FastWebViewUITests/Info.plist;
				LD_RUNPATH_SEARCH_PATHS = (
					"$(inherited)",
					"@executable_path/Frameworks",
					"@loader_path/Frameworks",
				);
				PRODUCT_BUNDLE_IDENTIFIER = TB.FastWebViewUITests;
				PRODUCT_NAME = "$(TARGET_NAME)";
				TARGETED_DEVICE_FAMILY = "1,2";
				TEST_TARGET_NAME = FastWebView;
			};
			name = Release;
		};
/* End XCBuildConfiguration section */

/* Begin XCConfigurationList section */
		4845F24D20905D7800A760EC /* Build configuration list for PBXProject "FastWebView" */ = {
			isa = XCConfigurationList;
			buildConfigurations = (
				4845F27C20905D7B00A760EC /* Debug */,
				4845F27D20905D7B00A760EC /* Release */,
			);
			defaultConfigurationIsVisible = 0;
			defaultConfigurationName = Release;
		};
		4845F27E20905D7B00A760EC /* Build configuration list for PBXNativeTarget "FastWebView" */ = {
			isa = XCConfigurationList;
			buildConfigurations = (
				4845F27F20905D7B00A760EC /* Debug */,
				4845F28020905D7B00A760EC /* Release */,
			);
			defaultConfigurationIsVisible = 0;
			defaultConfigurationName = Release;
		};
		4845F28120905D7B00A760EC /* Build configuration list for PBXNativeTarget "FastWebViewTests" */ = {
			isa = XCConfigurationList;
			buildConfigurations = (
				4845F28220905D7B00A760EC /* Debug */,
				4845F28320905D7B00A760EC /* Release */,
			);
			defaultConfigurationIsVisible = 0;
			defaultConfigurationName = Release;
		};
		4845F28420905D7B00A760EC /* Build configuration list for PBXNativeTarget "FastWebViewUITests" */ = {
			isa = XCConfigurationList;
			buildConfigurations = (
				4845F28520905D7B00A760EC /* Debug */,
				4845F28620905D7B00A760EC /* Release */,
			);
			defaultConfigurationIsVisible = 0;
			defaultConfigurationName = Release;
		};
/* End XCConfigurationList section */
	};
	rootObject = 4845F24A20905D7800A760EC /* Project object */;
}
